
Microsoft Visual Studio Solution File, Format Version 12.00
# Visual Studio 2013
VisualStudioVersion = 12.0.21005.1
MinimumVisualStudioVersion = 10.0.40219.1
Project("{8BC9CEB8-8B4A-11D0-8D11-00A0C91BC942}") = "testSmartEye", "testSmartEye\testSmartEye.vcxproj", "{DD03B4EB-1CAD-41B3-87BB-4774FDAFB4C0}"
	ProjectSection(ProjectDependencies) = postProject
		{71EBB106-4446-47EB-8A8B-79954CD462DC} = {71EBB106-4446-47EB-8A8B-79954CD462DC}
		{7CFF0729-EBB1-4513-AF13-C61D49A2E774} = {7CFF0729-EBB1-4513-AF13-C61D49A2E774}
		{A835FC50-9E09-4F09-AC3B-850EB0255FDE} = {A835FC50-9E09-4F09-AC3B-850EB0255FDE}
		{35505679-D4AF-48BA-8705-1415F6987ACA} = {35505679-D4AF-48BA-8705-1415F6987ACA}
		{B15CB0E1-B66D-4C12-8D57-B290D39C0E21} = {B15CB0E1-B66D-4C12-8D57-B290D39C0E21}
		{011790F3-4AC5-4F1E-ACDF-4ED1CCB5CDF4} = {011790F3-4AC5-4F1E-ACDF-4ED1CCB5CDF4}
		{B8DE27F7-4C20-4946-8F4E-14DAA1C8F4F0} = {B8DE27F7-4C20-4946-8F4E-14DAA1C8F4F0}
	EndProjectSection
EndProject
Project("{8BC9CEB8-8B4A-11D0-8D11-00A0C91BC942}") = "CMuliTrack", "CMuliTrack\CMuliTrack.vcxproj", "{011790F3-4AC5-4F1E-ACDF-4ED1CCB5CDF4}"
	ProjectSection(ProjectDependencies) = postProject
		{71EBB106-4446-47EB-8A8B-79954CD462DC} = {71EBB106-4446-47EB-8A8B-79954CD462DC}
		{7CFF0729-EBB1-4513-AF13-C61D49A2E774} = {7CFF0729-EBB1-4513-AF13-C61D49A2E774}
		{A835FC50-9E09-4F09-AC3B-850EB0255FDE} = {A835FC50-9E09-4F09-AC3B-850EB0255FDE}
		{B15CB0E1-B66D-4C12-8D57-B290D39C0E21} = {B15CB0E1-B66D-4C12-8D57-B290D39C0E21}
		{B8DE27F7-4C20-4946-8F4E-14DAA1C8F4F0} = {B8DE27F7-4C20-4946-8F4E-14DAA1C8F4F0}
	EndProjectSection
EndProject
Project("{8BC9CEB8-8B4A-11D0-8D11-00A0C91BC942}") = "FCWSDetector", "FCWSDetector\FCWSDetector.vcxproj", "{A835FC50-9E09-4F09-AC3B-850EB0255FDE}"
	ProjectSection(ProjectDependencies) = postProject
		{71EBB106-4446-47EB-8A8B-79954CD462DC} = {71EBB106-4446-47EB-8A8B-79954CD462DC}
		{7CFF0729-EBB1-4513-AF13-C61D49A2E774} = {7CFF0729-EBB1-4513-AF13-C61D49A2E774}
		{B8DE27F7-4C20-4946-8F4E-14DAA1C8F4F0} = {B8DE27F7-4C20-4946-8F4E-14DAA1C8F4F0}
	EndProjectSection
EndProject
Project("{8BC9CEB8-8B4A-11D0-8D11-00A0C91BC942}") = "LDWS", "LDWS\LDWS.vcxproj", "{B8DE27F7-4C20-4946-8F4E-14DAA1C8F4F0}"
	ProjectSection(ProjectDependencies) = postProject
		{71EBB106-4446-47EB-8A8B-79954CD462DC} = {71EBB106-4446-47EB-8A8B-79954CD462DC}
	EndProjectSection
EndProject
Project("{8BC9CEB8-8B4A-11D0-8D11-00A0C91BC942}") = "Disp", "Disp\Disp.vcxproj", "{35505679-D4AF-48BA-8705-1415F6987ACA}"
	ProjectSection(ProjectDependencies) = postProject
		{71EBB106-4446-47EB-8A8B-79954CD462DC} = {71EBB106-4446-47EB-8A8B-79954CD462DC}
		{011790F3-4AC5-4F1E-ACDF-4ED1CCB5CDF4} = {011790F3-4AC5-4F1E-ACDF-4ED1CCB5CDF4}
	EndProjectSection
EndProject
Project("{8BC9CEB8-8B4A-11D0-8D11-00A0C91BC942}") = "OBJVERF", "OBJVERF\OBJVERF.vcxproj", "{B15CB0E1-B66D-4C12-8D57-B290D39C0E21}"
	ProjectSection(ProjectDependencies) = postProject
		{71EBB106-4446-47EB-8A8B-79954CD462DC} = {71EBB106-4446-47EB-8A8B-79954CD462DC}
		{7CFF0729-EBB1-4513-AF13-C61D49A2E774} = {7CFF0729-EBB1-4513-AF13-C61D49A2E774}
		{A835FC50-9E09-4F09-AC3B-850EB0255FDE} = {A835FC50-9E09-4F09-AC3B-850EB0255FDE}
		{B8DE27F7-4C20-4946-8F4E-14DAA1C8F4F0} = {B8DE27F7-4C20-4946-8F4E-14DAA1C8F4F0}
	EndProjectSection
EndProject
Project("{8BC9CEB8-8B4A-11D0-8D11-00A0C91BC942}") = "DayOrNight", "DayOrNight\DayOrNight.vcxproj", "{7CFF0729-EBB1-4513-AF13-C61D49A2E774}"
	ProjectSection(ProjectDependencies) = postProject
		{71EBB106-4446-47EB-8A8B-79954CD462DC} = {71EBB106-4446-47EB-8A8B-79954CD462DC}
	EndProjectSection
EndProject
Project("{8BC9CEB8-8B4A-11D0-8D11-00A0C91BC942}") = "Common", "Common\Common.vcxproj", "{71EBB106-4446-47EB-8A8B-79954CD462DC}"
EndProject
Global
	GlobalSection(SolutionConfigurationPlatforms) = preSolution
		Debug|x64 = Debug|x64
		Release|x64 = Release|x64
	EndGlobalSection
	GlobalSection(ProjectConfigurationPlatforms) = postSolution
		{DD03B4EB-1CAD-41B3-87BB-4774FDAFB4C0}.Debug|x64.ActiveCfg = Debug|x64
		{DD03B4EB-1CAD-41B3-87BB-4774FDAFB4C0}.Debug|x64.Build.0 = Debug|x64
		{DD03B4EB-1CAD-41B3-87BB-4774FDAFB4C0}.Release|x64.ActiveCfg = Release|x64
		{DD03B4EB-1CAD-41B3-87BB-4774FDAFB4C0}.Release|x64.Build.0 = Release|x64
		{011790F3-4AC5-4F1E-ACDF-4ED1CCB5CDF4}.Debug|x64.ActiveCfg = Debug|x64
		{011790F3-4AC5-4F1E-ACDF-4ED1CCB5CDF4}.Debug|x64.Build.0 = Debug|x64
		{011790F3-4AC5-4F1E-ACDF-4ED1CCB5CDF4}.Release|x64.ActiveCfg = Release|x64
		{011790F3-4AC5-4F1E-ACDF-4ED1CCB5CDF4}.Release|x64.Build.0 = Release|x64
		{A835FC50-9E09-4F09-AC3B-850EB0255FDE}.Debug|x64.ActiveCfg = Debug|x64
		{A835FC50-9E09-4F09-AC3B-850EB0255FDE}.Debug|x64.Build.0 = Debug|x64
		{A835FC50-9E09-4F09-AC3B-850EB0255FDE}.Release|x64.ActiveCfg = Release|x64
		{A835FC50-9E09-4F09-AC3B-850EB0255FDE}.Release|x64.Build.0 = Release|x64
		{B8DE27F7-4C20-4946-8F4E-14DAA1C8F4F0}.Debug|x64.ActiveCfg = Debug|x64
		{B8DE27F7-4C20-4946-8F4E-14DAA1C8F4F0}.Debug|x64.Build.0 = Debug|x64
		{B8DE27F7-4C20-4946-8F4E-14DAA1C8F4F0}.Release|x64.ActiveCfg = Release|x64
		{B8DE27F7-4C20-4946-8F4E-14DAA1C8F4F0}.Release|x64.Build.0 = Release|x64
		{35505679-D4AF-48BA-8705-1415F6987ACA}.Debug|x64.ActiveCfg = Debug|x64
		{35505679-D4AF-48BA-8705-1415F6987ACA}.Debug|x64.Build.0 = Debug|x64
		{35505679-D4AF-48BA-8705-1415F6987ACA}.Release|x64.ActiveCfg = Release|x64
		{35505679-D4AF-48BA-8705-1415F6987ACA}.Release|x64.Build.0 = Release|x64
		{B15CB0E1-B66D-4C12-8D57-B290D39C0E21}.Debug|x64.ActiveCfg = Debug|x64
		{B15CB0E1-B66D-4C12-8D57-B290D39C0E21}.Debug|x64.Build.0 = Debug|x64
		{B15CB0E1-B66D-4C12-8D57-B290D39C0E21}.Release|x64.ActiveCfg = Release|x64
		{B15CB0E1-B66D-4C12-8D57-B290D39C0E21}.Release|x64.Build.0 = Release|x64
		{7CFF0729-EBB1-4513-AF13-C61D49A2E774}.Debug|x64.ActiveCfg = Debug|x64
		{7CFF0729-EBB1-4513-AF13-C61D49A2E774}.Debug|x64.Build.0 = Debug|x64
		{7CFF0729-EBB1-4513-AF13-C61D49A2E774}.Release|x64.ActiveCfg = Release|x64
		{7CFF0729-EBB1-4513-AF13-C61D49A2E774}.Release|x64.Build.0 = Release|x64
		{71EBB106-4446-47EB-8A8B-79954CD462DC}.Debug|x64.ActiveCfg = Debug|x64
		{71EBB106-4446-47EB-8A8B-79954CD462DC}.Debug|x64.Build.0 = Debug|x64
		{71EBB106-4446-47EB-8A8B-79954CD462DC}.Release|x64.ActiveCfg = Release|x64
		{71EBB106-4446-47EB-8A8B-79954CD462DC}.Release|x64.Build.0 = Release|x64
	EndGlobalSection
	GlobalSection(SolutionProperties) = preSolution
		HideSolutionNode = FALSE
	EndGlobalSection
	GlobalSection(ExtensibilityGlobals) = postSolution
		SolutionGuid = {2A10604F-F887-46B5-917B-88CC6EEA63D0}
	EndGlobalSection
EndGlobal
